
Microsoft Visual Studio Solution File, Format Version 12.00
# Visual Studio 15
VisualStudioVersion = 15.0.28307.1231
MinimumVisualStudioVersion = 10.0.40219.1
Project("{8BC9CEB8-8B4A-11D0-8D11-00A0C91BC942}") = "Device360", "Device360\Device360.vcxproj", "{EAFED6FA-8495-48EF-8213-96C27193F6FD}"
EndProject
Global
	GlobalSection(SolutionConfigurationPlatforms) = preSolution
		Debug|x64 = Debug|x64
		Release|x64 = Release|x64
	EndGlobalSection
	GlobalSection(ProjectConfigurationPlatforms) = postSolution
		{EAFED6FA-8495-48EF-8213-96C27193F6FD}.Debug|x64.ActiveCfg = Debug|x64
		{EAFED6FA-8495-48EF-8213-96C27193F6FD}.Debug|x64.Build.0 = Debug|x64
		{EAFED6FA-8495-48EF-8213-96C27193F6FD}.Release|x64.ActiveCfg = Release|x64
		{EAFED6FA-8495-48EF-8213-96C27193F6FD}.Release|x64.Build.0 = Release|x64
	EndGlobalSection
	GlobalSection(SolutionProperties) = preSolution
		HideSolutionNode = FALSE
	EndGlobalSection
	GlobalSection(ExtensibilityGlobals) = postSolution
		SolutionGuid = {1F4E8CBD-E1A4-4088-85AB-3714C29EE5A0}
	EndGlobalSection
EndGlobal
